
Microsoft Visual Studio Solution File, Format Version 12.00
# Visual Studio Version 17
VisualStudioVersion = 17.11.35208.52
MinimumVisualStudioVersion = 10.0.40219.1
Project("{FAE04EC0-301F-11D3-BF4B-00C04F79EFBC}") = "TugasVispro4DatadDiri", "TugasVispro4DatadDiri\TugasVispro4DatadDiri.csproj", "{6351C872-A19A-4956-BCF1-1775DEDB66DA}"
EndProject
Global
	GlobalSection(SolutionConfigurationPlatforms) = preSolution
		Debug|Any CPU = Debug|Any CPU
		Release|Any CPU = Release|Any CPU
	EndGlobalSection
	GlobalSection(ProjectConfigurationPlatforms) = postSolution
		{6351C872-A19A-4956-BCF1-1775DEDB66DA}.Debug|Any CPU.ActiveCfg = Debug|Any CPU
		{6351C872-A19A-4956-BCF1-1775DEDB66DA}.Debug|Any CPU.Build.0 = Debug|Any CPU
		{6351C872-A19A-4956-BCF1-1775DEDB66DA}.Release|Any CPU.ActiveCfg = Release|Any CPU
		{6351C872-A19A-4956-BCF1-1775DEDB66DA}.Release|Any CPU.Build.0 = Release|Any CPU
	EndGlobalSection
	GlobalSection(SolutionProperties) = preSolution
		HideSolutionNode = FALSE
	EndGlobalSection
	GlobalSection(ExtensibilityGlobals) = postSolution
		SolutionGuid = {F20BEA12-4AB0-476A-8E9B-7E4903716E72}
	EndGlobalSection
EndGlobal
